
Microsoft Visual Studio Solution File, Format Version 12.00
# Visual Studio Version 16
VisualStudioVersion = 16.0.32630.194
MinimumVisualStudioVersion = 10.0.40219.1
Project("{9A19103F-16F7-4668-BE54-9A1E7A4F7556}") = "GerenciamentoFuncionario.AcessoDados", "src\GerenciamentoFuncionario.AcessoDados\GerenciamentoFuncionario.AcessoDados.csproj", "{04F16797-3EFC-44D0-AC84-61A3B913AB0C}"
EndProject
Project("{9A19103F-16F7-4668-BE54-9A1E7A4F7556}") = "GerenciamentoFuncionario.Comuns", "src\GerenciamentoFuncionario.Comuns\GerenciamentoFuncionario.Comuns.csproj", "{C62F270C-060F-4BAC-8133-286B466E8304}"
EndProject
Project("{2150E333-8FDC-42A3-9474-1A3956D46DE8}") = "Bibliotecas", "Bibliotecas", "{ED4E1809-147A-4E6E-B57E-3CC0A6445D92}"
EndProject
Project("{9A19103F-16F7-4668-BE54-9A1E7A4F7556}") = "GerenciamentoFuncionario.Infra.Json", "src\GerenciamentoFuncionario.Infra.Json\GerenciamentoFuncionario.Infra.Json.csproj", "{D06E3285-C065-4F33-A061-F0CC639E578F}"
EndProject
Project("{9A19103F-16F7-4668-BE54-9A1E7A4F7556}") = "GerenciamentoFuncionario.ViewModel", "src\GerenciamentoFuncionario.ViewModel\GerenciamentoFuncionario.ViewModel.csproj", "{0B4C9D1F-AB68-4813-921D-79C7D49E928D}"
EndProject
Project("{2150E333-8FDC-42A3-9474-1A3956D46DE8}") = "WinUI", "WinUI", "{92BEC873-6055-4B91-9502-9AE121C3AFE7}"
EndProject
Project("{C7167F0D-BC9F-4E6E-AFE1-012C56B48DB5}") = "GerenciamentoFuncionario.WinUI (Package)", "src\GerenciamentoFuncionario.WinUI\GerenciamentoFuncionario.WinUI (Package)\GerenciamentoFuncionario.WinUI (Package).wapproj", "{56890A6E-393E-4939-9C69-7DCE2BA912EB}"
EndProject
Project("{9A19103F-16F7-4668-BE54-9A1E7A4F7556}") = "GerenciamentoFuncionario.WinUI", "src\GerenciamentoFuncionario.WinUI\GerenciamentoFuncionario.WinUI\GerenciamentoFuncionario.WinUI.csproj", "{87859142-16FC-40B8-AD9E-E114CC40E1F9}"
EndProject
Global
	GlobalSection(SolutionConfigurationPlatforms) = preSolution
		Debug|Any CPU = Debug|Any CPU
		Debug|arm64 = Debug|arm64
		Debug|x64 = Debug|x64
		Debug|x86 = Debug|x86
		Release|Any CPU = Release|Any CPU
		Release|arm64 = Release|arm64
		Release|x64 = Release|x64
		Release|x86 = Release|x86
	EndGlobalSection
	GlobalSection(ProjectConfigurationPlatforms) = postSolution
		{04F16797-3EFC-44D0-AC84-61A3B913AB0C}.Debug|Any CPU.ActiveCfg = Debug|Any CPU
		{04F16797-3EFC-44D0-AC84-61A3B913AB0C}.Debug|Any CPU.Build.0 = Debug|Any CPU
		{04F16797-3EFC-44D0-AC84-61A3B913AB0C}.Debug|arm64.ActiveCfg = Debug|Any CPU
		{04F16797-3EFC-44D0-AC84-61A3B913AB0C}.Debug|arm64.Build.0 = Debug|Any CPU
		{04F16797-3EFC-44D0-AC84-61A3B913AB0C}.Debug|x64.ActiveCfg = Debug|Any CPU
		{04F16797-3EFC-44D0-AC84-61A3B913AB0C}.Debug|x64.Build.0 = Debug|Any CPU
		{04F16797-3EFC-44D0-AC84-61A3B913AB0C}.Debug|x86.ActiveCfg = Debug|Any CPU
		{04F16797-3EFC-44D0-AC84-61A3B913AB0C}.Debug|x86.Build.0 = Debug|Any CPU
		{04F16797-3EFC-44D0-AC84-61A3B913AB0C}.Release|Any CPU.ActiveCfg = Release|Any CPU
		{04F16797-3EFC-44D0-AC84-61A3B913AB0C}.Release|Any CPU.Build.0 = Release|Any CPU
		{04F16797-3EFC-44D0-AC84-61A3B913AB0C}.Release|arm64.ActiveCfg = Release|Any CPU
		{04F16797-3EFC-44D0-AC84-61A3B913AB0C}.Release|arm64.Build.0 = Release|Any CPU
		{04F16797-3EFC-44D0-AC84-61A3B913AB0C}.Release|x64.ActiveCfg = Release|Any CPU
		{04F16797-3EFC-44D0-AC84-61A3B913AB0C}.Release|x64.Build.0 = Release|Any CPU
		{04F16797-3EFC-44D0-AC84-61A3B913AB0C}.Release|x86.ActiveCfg = Release|Any CPU
		{04F16797-3EFC-44D0-AC84-61A3B913AB0C}.Release|x86.Build.0 = Release|Any CPU
		{C62F270C-060F-4BAC-8133-286B466E8304}.Debug|Any CPU.ActiveCfg = Debug|Any CPU
		{C62F270C-060F-4BAC-8133-286B466E8304}.Debug|Any CPU.Build.0 = Debug|Any CPU
		{C62F270C-060F-4BAC-8133-286B466E8304}.Debug|arm64.ActiveCfg = Debug|Any CPU
		{C62F270C-060F-4BAC-8133-286B466E8304}.Debug|arm64.Build.0 = Debug|Any CPU
		{C62F270C-060F-4BAC-8133-286B466E8304}.Debug|x64.ActiveCfg = Debug|Any CPU
		{C62F270C-060F-4BAC-8133-286B466E8304}.Debug|x64.Build.0 = Debug|Any CPU
		{C62F270C-060F-4BAC-8133-286B466E8304}.Debug|x86.ActiveCfg = Debug|Any CPU
		{C62F270C-060F-4BAC-8133-286B466E8304}.Debug|x86.Build.0 = Debug|Any CPU
		{C62F270C-060F-4BAC-8133-286B466E8304}.Release|Any CPU.ActiveCfg = Release|Any CPU
		{C62F270C-060F-4BAC-8133-286B466E8304}.Release|Any CPU.Build.0 = Release|Any CPU
		{C62F270C-060F-4BAC-8133-286B466E8304}.Release|arm64.ActiveCfg = Release|Any CPU
		{C62F270C-060F-4BAC-8133-286B466E8304}.Release|arm64.Build.0 = Release|Any CPU
		{C62F270C-060F-4BAC-8133-286B466E8304}.Release|x64.ActiveCfg = Release|Any CPU
		{C62F270C-060F-4BAC-8133-286B466E8304}.Release|x64.Build.0 = Release|Any CPU
		{C62F270C-060F-4BAC-8133-286B466E8304}.Release|x86.ActiveCfg = Release|Any CPU
		{C62F270C-060F-4BAC-8133-286B466E8304}.Release|x86.Build.0 = Release|Any CPU
		{D06E3285-C065-4F33-A061-F0CC639E578F}.Debug|Any CPU.ActiveCfg = Debug|Any CPU
		{D06E3285-C065-4F33-A061-F0CC639E578F}.Debug|Any CPU.Build.0 = Debug|Any CPU
		{D06E3285-C065-4F33-A061-F0CC639E578F}.Debug|arm64.ActiveCfg = Debug|Any CPU
		{D06E3285-C065-4F33-A061-F0CC639E578F}.Debug|arm64.Build.0 = Debug|Any CPU
		{D06E3285-C065-4F33-A061-F0CC639E578F}.Debug|x64.ActiveCfg = Debug|Any CPU
		{D06E3285-C065-4F33-A061-F0CC639E578F}.Debug|x64.Build.0 = Debug|Any CPU
		{D06E3285-C065-4F33-A061-F0CC639E578F}.Debug|x86.ActiveCfg = Debug|Any CPU
		{D06E3285-C065-4F33-A061-F0CC639E578F}.Debug|x86.Build.0 = Debug|Any CPU
		{D06E3285-C065-4F33-A061-F0CC639E578F}.Release|Any CPU.ActiveCfg = Release|Any CPU
		{D06E3285-C065-4F33-A061-F0CC639E578F}.Release|Any CPU.Build.0 = Release|Any CPU
		{D06E3285-C065-4F33-A061-F0CC639E578F}.Release|arm64.ActiveCfg = Release|Any CPU
		{D06E3285-C065-4F33-A061-F0CC639E578F}.Release|arm64.Build.0 = Release|Any CPU
		{D06E3285-C065-4F33-A061-F0CC639E578F}.Release|x64.ActiveCfg = Release|Any CPU
		{D06E3285-C065-4F33-A061-F0CC639E578F}.Release|x64.Build.0 = Release|Any CPU
		{D06E3285-C065-4F33-A061-F0CC639E578F}.Release|x86.ActiveCfg = Release|Any CPU
		{D06E3285-C065-4F33-A061-F0CC639E578F}.Release|x86.Build.0 = Release|Any CPU
		{0B4C9D1F-AB68-4813-921D-79C7D49E928D}.Debug|Any CPU.ActiveCfg = Debug|Any CPU
		{0B4C9D1F-AB68-4813-921D-79C7D49E928D}.Debug|Any CPU.Build.0 = Debug|Any CPU
		{0B4C9D1F-AB68-4813-921D-79C7D49E928D}.Debug|arm64.ActiveCfg = Debug|Any CPU
		{0B4C9D1F-AB68-4813-921D-79C7D49E928D}.Debug|arm64.Build.0 = Debug|Any CPU
		{0B4C9D1F-AB68-4813-921D-79C7D49E928D}.Debug|x64.ActiveCfg = Debug|Any CPU
		{0B4C9D1F-AB68-4813-921D-79C7D49E928D}.Debug|x64.Build.0 = Debug|Any CPU
		{0B4C9D1F-AB68-4813-921D-79C7D49E928D}.Debug|x86.ActiveCfg = Debug|Any CPU
		{0B4C9D1F-AB68-4813-921D-79C7D49E928D}.Debug|x86.Build.0 = Debug|Any CPU
		{0B4C9D1F-AB68-4813-921D-79C7D49E928D}.Release|Any CPU.ActiveCfg = Release|Any CPU
		{0B4C9D1F-AB68-4813-921D-79C7D49E928D}.Release|Any CPU.Build.0 = Release|Any CPU
		{0B4C9D1F-AB68-4813-921D-79C7D49E928D}.Release|arm64.ActiveCfg = Release|Any CPU
		{0B4C9D1F-AB68-4813-921D-79C7D49E928D}.Release|arm64.Build.0 = Release|Any CPU
		{0B4C9D1F-AB68-4813-921D-79C7D49E928D}.Release|x64.ActiveCfg = Release|Any CPU
		{0B4C9D1F-AB68-4813-921D-79C7D49E928D}.Release|x64.Build.0 = Release|Any CPU
		{0B4C9D1F-AB68-4813-921D-79C7D49E928D}.Release|x86.ActiveCfg = Release|Any CPU
		{0B4C9D1F-AB68-4813-921D-79C7D49E928D}.Release|x86.Build.0 = Release|Any CPU
		{56890A6E-393E-4939-9C69-7DCE2BA912EB}.Debug|Any CPU.ActiveCfg = Debug|x86
		{56890A6E-393E-4939-9C69-7DCE2BA912EB}.Debug|Any CPU.Build.0 = Debug|x86
		{56890A6E-393E-4939-9C69-7DCE2BA912EB}.Debug|Any CPU.Deploy.0 = Debug|x86
		{56890A6E-393E-4939-9C69-7DCE2BA912EB}.Debug|arm64.ActiveCfg = Debug|arm64
		{56890A6E-393E-4939-9C69-7DCE2BA912EB}.Debug|arm64.Build.0 = Debug|arm64
		{56890A6E-393E-4939-9C69-7DCE2BA912EB}.Debug|arm64.Deploy.0 = Debug|arm64
		{56890A6E-393E-4939-9C69-7DCE2BA912EB}.Debug|x64.ActiveCfg = Debug|x64
		{56890A6E-393E-4939-9C69-7DCE2BA912EB}.Debug|x64.Build.0 = Debug|x64
		{56890A6E-393E-4939-9C69-7DCE2BA912EB}.Debug|x64.Deploy.0 = Debug|x64
		{56890A6E-393E-4939-9C69-7DCE2BA912EB}.Debug|x86.ActiveCfg = Debug|x86
		{56890A6E-393E-4939-9C69-7DCE2BA912EB}.Debug|x86.Build.0 = Debug|x86
		{56890A6E-393E-4939-9C69-7DCE2BA912EB}.Debug|x86.Deploy.0 = Debug|x86
		{56890A6E-393E-4939-9C69-7DCE2BA912EB}.Release|Any CPU.ActiveCfg = Release|x86
		{56890A6E-393E-4939-9C69-7DCE2BA912EB}.Release|arm64.ActiveCfg = Release|arm64
		{56890A6E-393E-4939-9C69-7DCE2BA912EB}.Release|arm64.Build.0 = Release|arm64
		{56890A6E-393E-4939-9C69-7DCE2BA912EB}.Release|arm64.Deploy.0 = Release|arm64
		{56890A6E-393E-4939-9C69-7DCE2BA912EB}.Release|x64.ActiveCfg = Release|x64
		{56890A6E-393E-4939-9C69-7DCE2BA912EB}.Release|x64.Build.0 = Release|x64
		{56890A6E-393E-4939-9C69-7DCE2BA912EB}.Release|x64.Deploy.0 = Release|x64
		{56890A6E-393E-4939-9C69-7DCE2BA912EB}.Release|x86.ActiveCfg = Release|x86
		{56890A6E-393E-4939-9C69-7DCE2BA912EB}.Release|x86.Build.0 = Release|x86
		{56890A6E-393E-4939-9C69-7DCE2BA912EB}.Release|x86.Deploy.0 = Release|x86
		{87859142-16FC-40B8-AD9E-E114CC40E1F9}.Debug|Any CPU.ActiveCfg = Debug|x86
		{87859142-16FC-40B8-AD9E-E114CC40E1F9}.Debug|Any CPU.Build.0 = Debug|x86
		{87859142-16FC-40B8-AD9E-E114CC40E1F9}.Debug|arm64.ActiveCfg = Debug|arm64
		{87859142-16FC-40B8-AD9E-E114CC40E1F9}.Debug|arm64.Build.0 = Debug|arm64
		{87859142-16FC-40B8-AD9E-E114CC40E1F9}.Debug|x64.ActiveCfg = Debug|x64
		{87859142-16FC-40B8-AD9E-E114CC40E1F9}.Debug|x64.Build.0 = Debug|x64
		{87859142-16FC-40B8-AD9E-E114CC40E1F9}.Debug|x86.ActiveCfg = Debug|x86
		{87859142-16FC-40B8-AD9E-E114CC40E1F9}.Debug|x86.Build.0 = Debug|x86
		{87859142-16FC-40B8-AD9E-E114CC40E1F9}.Release|Any CPU.ActiveCfg = Release|x86
		{87859142-16FC-40B8-AD9E-E114CC40E1F9}.Release|arm64.ActiveCfg = Release|arm64
		{87859142-16FC-40B8-AD9E-E114CC40E1F9}.Release|arm64.Build.0 = Release|arm64
		{87859142-16FC-40B8-AD9E-E114CC40E1F9}.Release|x64.ActiveCfg = Release|x64
		{87859142-16FC-40B8-AD9E-E114CC40E1F9}.Release|x64.Build.0 = Release|x64
		{87859142-16FC-40B8-AD9E-E114CC40E1F9}.Release|x86.ActiveCfg = Release|x86
		{87859142-16FC-40B8-AD9E-E114CC40E1F9}.Release|x86.Build.0 = Release|x86
	EndGlobalSection
	GlobalSection(SolutionProperties) = preSolution
		HideSolutionNode = FALSE
	EndGlobalSection
	GlobalSection(NestedProjects) = preSolution
		{04F16797-3EFC-44D0-AC84-61A3B913AB0C} = {ED4E1809-147A-4E6E-B57E-3CC0A6445D92}
		{C62F270C-060F-4BAC-8133-286B466E8304} = {ED4E1809-147A-4E6E-B57E-3CC0A6445D92}
		{D06E3285-C065-4F33-A061-F0CC639E578F} = {ED4E1809-147A-4E6E-B57E-3CC0A6445D92}
		{0B4C9D1F-AB68-4813-921D-79C7D49E928D} = {ED4E1809-147A-4E6E-B57E-3CC0A6445D92}
		{56890A6E-393E-4939-9C69-7DCE2BA912EB} = {92BEC873-6055-4B91-9502-9AE121C3AFE7}
		{87859142-16FC-40B8-AD9E-E114CC40E1F9} = {92BEC873-6055-4B91-9502-9AE121C3AFE7}
	EndGlobalSection
	GlobalSection(ExtensibilityGlobals) = postSolution
		SolutionGuid = {AB7F3D7E-27B1-4FC7-AF76-CF14DA49F68B}
	EndGlobalSection
EndGlobal
